
Microsoft Visual Studio Solution File, Format Version 12.00
# Visual Studio Version 17
VisualStudioVersion = 17.9.34321.82
MinimumVisualStudioVersion = 10.0.40219.1
Project("{FAE04EC0-301F-11D3-BF4B-00C04F79EFBC}") = "zadanie domowe dzień4", "zadanie domowe dzień4\zadanie domowe dzień4.csproj", "{1E5AAF9B-8D5D-4866-B964-D551E745151D}"
EndProject
Global
	GlobalSection(SolutionConfigurationPlatforms) = preSolution
		Debug|Any CPU = Debug|Any CPU
		Release|Any CPU = Release|Any CPU
	EndGlobalSection
	GlobalSection(ProjectConfigurationPlatforms) = postSolution
		{1E5AAF9B-8D5D-4866-B964-D551E745151D}.Debug|Any CPU.ActiveCfg = Debug|Any CPU
		{1E5AAF9B-8D5D-4866-B964-D551E745151D}.Debug|Any CPU.Build.0 = Debug|Any CPU
		{1E5AAF9B-8D5D-4866-B964-D551E745151D}.Release|Any CPU.ActiveCfg = Release|Any CPU
		{1E5AAF9B-8D5D-4866-B964-D551E745151D}.Release|Any CPU.Build.0 = Release|Any CPU
	EndGlobalSection
	GlobalSection(SolutionProperties) = preSolution
		HideSolutionNode = FALSE
	EndGlobalSection
	GlobalSection(ExtensibilityGlobals) = postSolution
		SolutionGuid = {66945474-F4AA-4B39-8CD7-351222EBC9DE}
	EndGlobalSection
EndGlobal
