
Microsoft Visual Studio Solution File, Format Version 12.00
# Visual Studio Version 17
VisualStudioVersion = 17.9.34310.174
MinimumVisualStudioVersion = 10.0.40219.1
Project("{FAE04EC0-301F-11D3-BF4B-00C04F79EFBC}") = "Projekt 1.0", "Projekt 1.0\Projekt 1.0.csproj", "{9E869354-560C-480E-9257-35C20BC9A83B}"
EndProject
Global
	GlobalSection(SolutionConfigurationPlatforms) = preSolution
		Debug|Any CPU = Debug|Any CPU
		Release|Any CPU = Release|Any CPU
	EndGlobalSection
	GlobalSection(ProjectConfigurationPlatforms) = postSolution
		{9E869354-560C-480E-9257-35C20BC9A83B}.Debug|Any CPU.ActiveCfg = Debug|Any CPU
		{9E869354-560C-480E-9257-35C20BC9A83B}.Debug|Any CPU.Build.0 = Debug|Any CPU
		{9E869354-560C-480E-9257-35C20BC9A83B}.Release|Any CPU.ActiveCfg = Release|Any CPU
		{9E869354-560C-480E-9257-35C20BC9A83B}.Release|Any CPU.Build.0 = Release|Any CPU
	EndGlobalSection
	GlobalSection(SolutionProperties) = preSolution
		HideSolutionNode = FALSE
	EndGlobalSection
	GlobalSection(ExtensibilityGlobals) = postSolution
		SolutionGuid = {DF118652-7927-4CE1-B5CC-8E795980A845}
	EndGlobalSection
EndGlobal
