
Microsoft Visual Studio Solution File, Format Version 12.00
# Visual Studio Version 17
VisualStudioVersion = 17.14.36017.23 d17.14
MinimumVisualStudioVersion = 10.0.40219.1
Project("{FAE04EC0-301F-11D3-BF4B-00C04F79EFBC}") = "ChallengeApp", "ChallengeApp.csproj", "{1E71CEF3-0B1F-45EE-8985-2A1563DBCC3A}"
EndProject
Project("{FAE04EC0-301F-11D3-BF4B-00C04F79EFBC}") = "ChallengeApp.Tests", "..\ChallengeApp.Tests\ChallengeApp.Tests.csproj", "{09068F57-96CB-4AEF-A4D3-3E801252818A}"
EndProject
Global
	GlobalSection(SolutionConfigurationPlatforms) = preSolution
		Debug|Any CPU = Debug|Any CPU
		Release|Any CPU = Release|Any CPU
	EndGlobalSection
	GlobalSection(ProjectConfigurationPlatforms) = postSolution
		{1E71CEF3-0B1F-45EE-8985-2A1563DBCC3A}.Debug|Any CPU.ActiveCfg = Debug|Any CPU
		{1E71CEF3-0B1F-45EE-8985-2A1563DBCC3A}.Debug|Any CPU.Build.0 = Debug|Any CPU
		{1E71CEF3-0B1F-45EE-8985-2A1563DBCC3A}.Release|Any CPU.ActiveCfg = Release|Any CPU
		{1E71CEF3-0B1F-45EE-8985-2A1563DBCC3A}.Release|Any CPU.Build.0 = Release|Any CPU
		{09068F57-96CB-4AEF-A4D3-3E801252818A}.Debug|Any CPU.ActiveCfg = Debug|Any CPU
		{09068F57-96CB-4AEF-A4D3-3E801252818A}.Debug|Any CPU.Build.0 = Debug|Any CPU
		{09068F57-96CB-4AEF-A4D3-3E801252818A}.Release|Any CPU.ActiveCfg = Release|Any CPU
		{09068F57-96CB-4AEF-A4D3-3E801252818A}.Release|Any CPU.Build.0 = Release|Any CPU
	EndGlobalSection
	GlobalSection(SolutionProperties) = preSolution
		HideSolutionNode = FALSE
	EndGlobalSection
	GlobalSection(ExtensibilityGlobals) = postSolution
		SolutionGuid = {AD38E674-3983-4013-857E-0A26C37D6543}
	EndGlobalSection
EndGlobal
